{
  "requires": true,
  "lockfileVersion": 1,
  "dependencies": {
    "gapi-script": {
      "version": "1.2.0",
      "resolved": "https://registry.npmjs.org/gapi-script/-/gapi-script-1.2.0.tgz",
      "integrity": "sha512-NKTVKiIwFdkO1j1EzcrWu/Pz7gsl1GmBmgh+qhuV2Ytls04W/Eg5aiBL91SCiBM9lU0PMu7p1hTVxhh1rPT5Lw=="
    }
  }
}
